
Microsoft Visual Studio Solution File, Format Version 12.00
# Visual Studio Version 17
VisualStudioVersion = 17.3.32804.467
MinimumVisualStudioVersion = 10.0.40219.1
Project("{FAE04EC0-301F-11D3-BF4B-00C04F79EFBC}") = "Weather", "Weather.csproj", "{450BB9E2-C954-400D-B31A-1F038DFF1F51}"
EndProject
Project("{FAE04EC0-301F-11D3-BF4B-00C04F79EFBC}") = "TestProject1", "..\TestProject1\TestProject1.csproj", "{65D482A9-72DB-4914-8D79-4D4597303FBC}"
EndProject
Global
	GlobalSection(SolutionConfigurationPlatforms) = preSolution
		Debug|Any CPU = Debug|Any CPU
		Release|Any CPU = Release|Any CPU
	EndGlobalSection
	GlobalSection(ProjectConfigurationPlatforms) = postSolution
		{450BB9E2-C954-400D-B31A-1F038DFF1F51}.Debug|Any CPU.ActiveCfg = Debug|Any CPU
		{450BB9E2-C954-400D-B31A-1F038DFF1F51}.Debug|Any CPU.Build.0 = Debug|Any CPU
		{450BB9E2-C954-400D-B31A-1F038DFF1F51}.Release|Any CPU.ActiveCfg = Release|Any CPU
		{450BB9E2-C954-400D-B31A-1F038DFF1F51}.Release|Any CPU.Build.0 = Release|Any CPU
		{65D482A9-72DB-4914-8D79-4D4597303FBC}.Debug|Any CPU.ActiveCfg = Debug|Any CPU
		{65D482A9-72DB-4914-8D79-4D4597303FBC}.Debug|Any CPU.Build.0 = Debug|Any CPU
		{65D482A9-72DB-4914-8D79-4D4597303FBC}.Release|Any CPU.ActiveCfg = Release|Any CPU
		{65D482A9-72DB-4914-8D79-4D4597303FBC}.Release|Any CPU.Build.0 = Release|Any CPU
	EndGlobalSection
	GlobalSection(SolutionProperties) = preSolution
		HideSolutionNode = FALSE
	EndGlobalSection
	GlobalSection(ExtensibilityGlobals) = postSolution
		SolutionGuid = {0FEE80B1-6192-4E30-995C-5D6DE6DC79F3}
	EndGlobalSection
EndGlobal
